// !$*UTF8*$!
{
	archiveVersion = 1;
	classes = {
	};
	objectVersion = 46;
	objects = {

/* Begin PBXBuildFile section */
		AE001BB61D0BEF2200F14478 /* ClassObject.swift in Sources */ = {isa = PBXBuildFile; fileRef = AE001BB51D0BEF2200F14478 /* ClassObject.swift */; };
		AE15C4E31CF53DF60086CD3E /* MyLabel.swift in Sources */ = {isa = PBXBuildFile; fileRef = AE15C4E21CF53DF60086CD3E /* MyLabel.swift */; };
		AE1799821CF2E88100D1CE16 /* MyCollectionViewCell.swift in Sources */ = {isa = PBXBuildFile; fileRef = AE1799811CF2E88100D1CE16 /* MyCollectionViewCell.swift */; };
		AE24CDD71D1799BE00D706FC /* Bustime.storyboard in Resources */ = {isa = PBXBuildFile; fileRef = AE24CDD61D1799BE00D706FC /* Bustime.storyboard */; };
		AE24CDDB1D179A9300D706FC /* Bustime.swift in Sources */ = {isa = PBXBuildFile; fileRef = AE24CDDA1D179A9300D706FC /* Bustime.swift */; };
		AE4704C41D2642AB00555D99 /* PopUpPickerView.swift in Sources */ = {isa = PBXBuildFile; fileRef = AE4704C31D2642AB00555D99 /* PopUpPickerView.swift */; };
		AE50B76D1D1E72C500CD1EA3 /* BustimeTableView.swift in Sources */ = {isa = PBXBuildFile; fileRef = AE50B76C1D1E72C500CD1EA3 /* BustimeTableView.swift */; };
		AE5A63951CE58373003C5990 /* AppDelegate.swift in Sources */ = {isa = PBXBuildFile; fileRef = AE5A63941CE58373003C5990 /* AppDelegate.swift */; };
		AE5A63971CE58373003C5990 /* Main.swift in Sources */ = {isa = PBXBuildFile; fileRef = AE5A63961CE58373003C5990 /* Main.swift */; };
		AE5A639A1CE58373003C5990 /* Main.storyboard in Resources */ = {isa = PBXBuildFile; fileRef = AE5A63981CE58373003C5990 /* Main.storyboard */; };
		AE5A639C1CE58373003C5990 /* Assets.xcassets in Resources */ = {isa = PBXBuildFile; fileRef = AE5A639B1CE58373003C5990 /* Assets.xcassets */; };
		AE5A639F1CE58373003C5990 /* LaunchScreen.storyboard in Resources */ = {isa = PBXBuildFile; fileRef = AE5A639D1CE58373003C5990 /* LaunchScreen.storyboard */; };
		AE5A63A71CE585D7003C5990 /* TimeTable.storyboard in Resources */ = {isa = PBXBuildFile; fileRef = AE5A63A61CE585D7003C5990 /* TimeTable.storyboard */; };
		AE8DA6F31CE5A7CB004D2EC8 /* TimeTable.swift in Sources */ = {isa = PBXBuildFile; fileRef = AE8DA6F21CE5A7CB004D2EC8 /* TimeTable.swift */; };
		AEC5843A1D09C54F00881360 /* TimeTableEditController.swift in Sources */ = {isa = PBXBuildFile; fileRef = AEC584391D09C54F00881360 /* TimeTableEditController.swift */; };
		AEDF05921D2792F300C00022 /* DetailSettingViewController.swift in Sources */ = {isa = PBXBuildFile; fileRef = AEDF05911D2792F300C00022 /* DetailSettingViewController.swift */; };
		BE7F37801D2977DB0052AB93 /* MAP2.swift in Sources */ = {isa = PBXBuildFile; fileRef = BE7F377F1D2977DB0052AB93 /* MAP2.swift */; };
		BE7F37821D2978600052AB93 /* MapKit.framework in Frameworks */ = {isa = PBXBuildFile; fileRef = BE7F37811D2978600052AB93 /* MapKit.framework */; };
		BECA65CD1D29E7AC00A2BD4E /* Map.storyboard in Resources */ = {isa = PBXBuildFile; fileRef = BECA65CC1D29E7AC00A2BD4E /* Map.storyboard */; };
		BEDFBD8F1CF0E81B0060B3FA /* TDUMAP00.png in Resources */ = {isa = PBXBuildFile; fileRef = BEDFBD851CF0E81B0060B3FA /* TDUMAP00.png */; };
		BEDFBD901CF0E81B0060B3FA /* TDUMAP01.png in Resources */ = {isa = PBXBuildFile; fileRef = BEDFBD861CF0E81B0060B3FA /* TDUMAP01.png */; };
		BEDFBD911CF0E81B0060B3FA /* TDUMAP02.png in Resources */ = {isa = PBXBuildFile; fileRef = BEDFBD871CF0E81B0060B3FA /* TDUMAP02.png */; };
		BEDFBD921CF0E81B0060B3FA /* TDUMAP03.png in Resources */ = {isa = PBXBuildFile; fileRef = BEDFBD881CF0E81B0060B3FA /* TDUMAP03.png */; };
		BEDFBD931CF0E81B0060B3FA /* TDUMAP06.png in Resources */ = {isa = PBXBuildFile; fileRef = BEDFBD891CF0E81B0060B3FA /* TDUMAP06.png */; };
		BEDFBD941CF0E81B0060B3FA /* TDUMAP08.png in Resources */ = {isa = PBXBuildFile; fileRef = BEDFBD8A1CF0E81B0060B3FA /* TDUMAP08.png */; };
		BEDFBD951CF0E81B0060B3FA /* TDUMAP09.png in Resources */ = {isa = PBXBuildFile; fileRef = BEDFBD8B1CF0E81B0060B3FA /* TDUMAP09.png */; };
		BEDFBD961CF0E81B0060B3FA /* TDUMAP10.png in Resources */ = {isa = PBXBuildFile; fileRef = BEDFBD8C1CF0E81B0060B3FA /* TDUMAP10.png */; };
		BEDFBD971CF0E81B0060B3FA /* TDUMAP11.png in Resources */ = {isa = PBXBuildFile; fileRef = BEDFBD8D1CF0E81B0060B3FA /* TDUMAP11.png */; };
		BEDFBD981CF0E81B0060B3FA /* TDUMAP12.png in Resources */ = {isa = PBXBuildFile; fileRef = BEDFBD8E1CF0E81B0060B3FA /* TDUMAP12.png */; };
		BEDFBE161CF29F1E0060B3FA /* CoreLocation.framework in Frameworks */ = {isa = PBXBuildFile; fileRef = BEDFBE151CF29F1E0060B3FA /* CoreLocation.framework */; };
		BEDFBE1A1CF2BE170060B3FA /* Map.swift in Sources */ = {isa = PBXBuildFile; fileRef = BEDFBE191CF2BE170060B3FA /* Map.swift */; };
		CA10FD761CFBC01E00F6C026 /* Task.storyboard in Resources */ = {isa = PBXBuildFile; fileRef = CA10FD751CFBC01E00F6C026 /* Task.storyboard */; };
		CA10FD781CFBC02F00F6C026 /* TodoListViewController.swift in Sources */ = {isa = PBXBuildFile; fileRef = CA10FD771CFBC02F00F6C026 /* TodoListViewController.swift */; };
		CA38ABF81D2E843000962B81 /* TodoListItemTableViewCell.swift in Sources */ = {isa = PBXBuildFile; fileRef = CA38ABF71D2E843000962B81 /* TodoListItemTableViewCell.swift */; };
		CA38ABFA1D2E877100962B81 /* TodoItemViewController.swift in Sources */ = {isa = PBXBuildFile; fileRef = CA38ABF91D2E877100962B81 /* TodoItemViewController.swift */; };
		CA38ABFD1D2E88CB00962B81 /* TodoApp.xcdatamodeld in Sources */ = {isa = PBXBuildFile; fileRef = CA38ABFB1D2E88CB00962B81 /* TodoApp.xcdatamodeld */; };
		CA38AC001D2E890500962B81 /* Todo+CoreDataProperties.swift in Sources */ = {isa = PBXBuildFile; fileRef = CA38ABFE1D2E890500962B81 /* Todo+CoreDataProperties.swift */; };
		CA38AC011D2E890500962B81 /* Todo.swift in Sources */ = {isa = PBXBuildFile; fileRef = CA38ABFF1D2E890500962B81 /* Todo.swift */; };
		CA95BA331CEB7A5A006E791D /* WebView.swift in Sources */ = {isa = PBXBuildFile; fileRef = CA95BA321CEB7A5A006E791D /* WebView.swift */; };
		CA95BA351CEB7A7B006E791D /* WebView.storyboard in Resources */ = {isa = PBXBuildFile; fileRef = CA95BA341CEB7A7B006E791D /* WebView.storyboard */; };
		CAB7EDD41D20E3AF008EA339 /* bustime.plist in Resources */ = {isa = PBXBuildFile; fileRef = CAB7EDD31D20E3AF008EA339 /* bustime.plist */; };
		F05CE0D0FBB84E331107F3D4 /* Pods___.framework in Frameworks */ = {isa = PBXBuildFile; fileRef = 9954860F7C6A5450A3C71D0B /* Pods___.framework */; };
		FC1DE01393C832678727177D /* Pods___.framework in Frameworks */ = {isa = PBXBuildFile; fileRef = 0F7AF6C229AAEBCCDA41BC2C /* Pods___.framework */; };
/* End PBXBuildFile section */

/* Begin PBXFileReference section */
		0F7AF6C229AAEBCCDA41BC2C /* Pods___.framework */ = {isa = PBXFileReference; explicitFileType = wrapper.framework; includeInIndex = 0; path = "Pods___.framework"; sourceTree = BUILT_PRODUCTS_DIR; };
		3E01A23AA3027F03423DCAD7 /* Pods-実習.release.xcconfig */ = {isa = PBXFileReference; includeInIndex = 1; lastKnownFileType = text.xcconfig; name = "Pods-実習.release.xcconfig"; path = "Pods/Target Support Files/Pods-実習/Pods-実習.release.xcconfig"; sourceTree = "<group>"; };
		5D70C15EDACC981B2EC4B820 /* Pods-実習.debug.xcconfig */ = {isa = PBXFileReference; includeInIndex = 1; lastKnownFileType = text.xcconfig; name = "Pods-実習.debug.xcconfig"; path = "Pods/Target Support Files/Pods-実習/Pods-実習.debug.xcconfig"; sourceTree = "<group>"; };
		9954860F7C6A5450A3C71D0B /* Pods___.framework */ = {isa = PBXFileReference; explicitFileType = wrapper.framework; includeInIndex = 0; path = "Pods___.framework"; sourceTree = BUILT_PRODUCTS_DIR; };
		AE001BB51D0BEF2200F14478 /* ClassObject.swift */ = {isa = PBXFileReference; fileEncoding = 4; lastKnownFileType = sourcecode.swift; path = ClassObject.swift; sourceTree = "<group>"; };
		AE15C4E21CF53DF60086CD3E /* MyLabel.swift */ = {isa = PBXFileReference; fileEncoding = 4; lastKnownFileType = sourcecode.swift; path = MyLabel.swift; sourceTree = "<group>"; };
		AE1799811CF2E88100D1CE16 /* MyCollectionViewCell.swift */ = {isa = PBXFileReference; fileEncoding = 4; lastKnownFileType = sourcecode.swift; path = MyCollectionViewCell.swift; sourceTree = "<group>"; };
		AE24CDD61D1799BE00D706FC /* Bustime.storyboard */ = {isa = PBXFileReference; fileEncoding = 4; lastKnownFileType = file.storyboard; path = Bustime.storyboard; sourceTree = "<group>"; };
		AE24CDDA1D179A9300D706FC /* Bustime.swift */ = {isa = PBXFileReference; fileEncoding = 4; lastKnownFileType = sourcecode.swift; path = Bustime.swift; sourceTree = "<group>"; };
		AE4704C31D2642AB00555D99 /* PopUpPickerView.swift */ = {isa = PBXFileReference; fileEncoding = 4; lastKnownFileType = sourcecode.swift; path = PopUpPickerView.swift; sourceTree = "<group>"; };
		AE50B76C1D1E72C500CD1EA3 /* BustimeTableView.swift */ = {isa = PBXFileReference; fileEncoding = 4; lastKnownFileType = sourcecode.swift; path = BustimeTableView.swift; sourceTree = "<group>"; };
		AE5A63911CE58373003C5990 /* 実習.app */ = {isa = PBXFileReference; explicitFileType = wrapper.application; includeInIndex = 0; path = "実習.app"; sourceTree = BUILT_PRODUCTS_DIR; };
		AE5A63941CE58373003C5990 /* AppDelegate.swift */ = {isa = PBXFileReference; lastKnownFileType = sourcecode.swift; path = AppDelegate.swift; sourceTree = "<group>"; };
		AE5A63961CE58373003C5990 /* Main.swift */ = {isa = PBXFileReference; lastKnownFileType = sourcecode.swift; path = Main.swift; sourceTree = "<group>"; };
		AE5A63991CE58373003C5990 /* Base */ = {isa = PBXFileReference; lastKnownFileType = file.storyboard; name = Base; path = Base.lproj/Main.storyboard; sourceTree = "<group>"; };
		AE5A639B1CE58373003C5990 /* Assets.xcassets */ = {isa = PBXFileReference; lastKnownFileType = folder.assetcatalog; path = Assets.xcassets; sourceTree = "<group>"; };
		AE5A639E1CE58373003C5990 /* Base */ = {isa = PBXFileReference; lastKnownFileType = file.storyboard; name = Base; path = Base.lproj/LaunchScreen.storyboard; sourceTree = "<group>"; };
		AE5A63A01CE58373003C5990 /* Info.plist */ = {isa = PBXFileReference; lastKnownFileType = text.plist.xml; path = Info.plist; sourceTree = "<group>"; };
		AE5A63A61CE585D7003C5990 /* TimeTable.storyboard */ = {isa = PBXFileReference; fileEncoding = 4; lastKnownFileType = file.storyboard; path = TimeTable.storyboard; sourceTree = "<group>"; };
		AE8DA6F21CE5A7CB004D2EC8 /* TimeTable.swift */ = {isa = PBXFileReference; fileEncoding = 4; lastKnownFileType = sourcecode.swift; path = TimeTable.swift; sourceTree = "<group>"; };
		AEC584391D09C54F00881360 /* TimeTableEditController.swift */ = {isa = PBXFileReference; fileEncoding = 4; lastKnownFileType = sourcecode.swift; path = TimeTableEditController.swift; sourceTree = "<group>"; };
		AEDF05911D2792F300C00022 /* DetailSettingViewController.swift */ = {isa = PBXFileReference; fileEncoding = 4; lastKnownFileType = sourcecode.swift; path = DetailSettingViewController.swift; sourceTree = "<group>"; };
		BE7F377F1D2977DB0052AB93 /* MAP2.swift */ = {isa = PBXFileReference; fileEncoding = 4; lastKnownFileType = sourcecode.swift; path = MAP2.swift; sourceTree = "<group>"; };
		BE7F37811D2978600052AB93 /* MapKit.framework */ = {isa = PBXFileReference; lastKnownFileType = wrapper.framework; name = MapKit.framework; path = System/Library/Frameworks/MapKit.framework; sourceTree = SDKROOT; };
		BECA65CC1D29E7AC00A2BD4E /* Map.storyboard */ = {isa = PBXFileReference; fileEncoding = 4; lastKnownFileType = file.storyboard; path = Map.storyboard; sourceTree = "<group>"; };
		BEDFBD851CF0E81B0060B3FA /* TDUMAP00.png */ = {isa = PBXFileReference; lastKnownFileType = image.png; path = TDUMAP00.png; sourceTree = "<group>"; };
		BEDFBD861CF0E81B0060B3FA /* TDUMAP01.png */ = {isa = PBXFileReference; lastKnownFileType = image.png; path = TDUMAP01.png; sourceTree = "<group>"; };
		BEDFBD871CF0E81B0060B3FA /* TDUMAP02.png */ = {isa = PBXFileReference; lastKnownFileType = image.png; path = TDUMAP02.png; sourceTree = "<group>"; };
		BEDFBD881CF0E81B0060B3FA /* TDUMAP03.png */ = {isa = PBXFileReference; lastKnownFileType = image.png; path = TDUMAP03.png; sourceTree = "<group>"; };
		BEDFBD891CF0E81B0060B3FA /* TDUMAP06.png */ = {isa = PBXFileReference; lastKnownFileType = image.png; path = TDUMAP06.png; sourceTree = "<group>"; };
		BEDFBD8A1CF0E81B0060B3FA /* TDUMAP08.png */ = {isa = PBXFileReference; lastKnownFileType = image.png; path = TDUMAP08.png; sourceTree = "<group>"; };
		BEDFBD8B1CF0E81B0060B3FA /* TDUMAP09.png */ = {isa = PBXFileReference; lastKnownFileType = image.png; path = TDUMAP09.png; sourceTree = "<group>"; };
		BEDFBD8C1CF0E81B0060B3FA /* TDUMAP10.png */ = {isa = PBXFileReference; lastKnownFileType = image.png; path = TDUMAP10.png; sourceTree = "<group>"; };
		BEDFBD8D1CF0E81B0060B3FA /* TDUMAP11.png */ = {isa = PBXFileReference; lastKnownFileType = image.png; path = TDUMAP11.png; sourceTree = "<group>"; };
		BEDFBD8E1CF0E81B0060B3FA /* TDUMAP12.png */ = {isa = PBXFileReference; lastKnownFileType = image.png; path = TDUMAP12.png; sourceTree = "<group>"; };
		BEDFBE151CF29F1E0060B3FA /* CoreLocation.framework */ = {isa = PBXFileReference; lastKnownFileType = wrapper.framework; name = CoreLocation.framework; path = System/Library/Frameworks/CoreLocation.framework; sourceTree = SDKROOT; };
		BEDFBE191CF2BE170060B3FA /* Map.swift */ = {isa = PBXFileReference; fileEncoding = 4; lastKnownFileType = sourcecode.swift; path = Map.swift; sourceTree = "<group>"; };
		CA10FD751CFBC01E00F6C026 /* Task.storyboard */ = {isa = PBXFileReference; fileEncoding = 4; lastKnownFileType = file.storyboard; path = Task.storyboard; sourceTree = "<group>"; };
		CA10FD771CFBC02F00F6C026 /* TodoListViewController.swift */ = {isa = PBXFileReference; fileEncoding = 4; lastKnownFileType = sourcecode.swift; path = TodoListViewController.swift; sourceTree = "<group>"; };
		CA38ABF51D2E809400962B81 /* TodoApp-Bridging-Header.h */ = {isa = PBXFileReference; lastKnownFileType = sourcecode.c.h; path = "TodoApp-Bridging-Header.h"; sourceTree = "<group>"; };
		CA38ABF71D2E843000962B81 /* TodoListItemTableViewCell.swift */ = {isa = PBXFileReference; fileEncoding = 4; lastKnownFileType = sourcecode.swift; path = TodoListItemTableViewCell.swift; sourceTree = "<group>"; };
		CA38ABF91D2E877100962B81 /* TodoItemViewController.swift */ = {isa = PBXFileReference; fileEncoding = 4; lastKnownFileType = sourcecode.swift; path = TodoItemViewController.swift; sourceTree = "<group>"; };
		CA38ABFC1D2E88CB00962B81 /* TodoApp.xcdatamodel */ = {isa = PBXFileReference; lastKnownFileType = wrapper.xcdatamodel; path = TodoApp.xcdatamodel; sourceTree = "<group>"; };
		CA38ABFE1D2E890500962B81 /* Todo+CoreDataProperties.swift */ = {isa = PBXFileReference; fileEncoding = 4; lastKnownFileType = sourcecode.swift; path = "Todo+CoreDataProperties.swift"; sourceTree = "<group>"; };
		CA38ABFF1D2E890500962B81 /* Todo.swift */ = {isa = PBXFileReference; fileEncoding = 4; lastKnownFileType = sourcecode.swift; path = Todo.swift; sourceTree = "<group>"; };
		CA95BA321CEB7A5A006E791D /* WebView.swift */ = {isa = PBXFileReference; fileEncoding = 4; lastKnownFileType = sourcecode.swift; path = WebView.swift; sourceTree = "<group>"; };
		CA95BA341CEB7A7B006E791D /* WebView.storyboard */ = {isa = PBXFileReference; fileEncoding = 4; lastKnownFileType = file.storyboard; path = WebView.storyboard; sourceTree = "<group>"; };
		CAB7EDD31D20E3AF008EA339 /* bustime.plist */ = {isa = PBXFileReference; fileEncoding = 4; lastKnownFileType = text.plist.xml; path = bustime.plist; sourceTree = "<group>"; };
/* End PBXFileReference section */

/* Begin PBXFrameworksBuildPhase section */
		AE5A638E1CE58373003C5990 /* Frameworks */ = {
			isa = PBXFrameworksBuildPhase;
			buildActionMask = 2147483647;
			files = (
				BE7F37821D2978600052AB93 /* MapKit.framework in Frameworks */,
				BEDFBE161CF29F1E0060B3FA /* CoreLocation.framework in Frameworks */,
				FC1DE01393C832678727177D /* Pods___.framework in Frameworks */,
				F05CE0D0FBB84E331107F3D4 /* Pods___.framework in Frameworks */,
			);
			runOnlyForDeploymentPostprocessing = 0;
		};
/* End PBXFrameworksBuildPhase section */

/* Begin PBXGroup section */
		4DE59ADF454028EDC4F2F57D /* Pods */ = {
			isa = PBXGroup;
			children = (
				5D70C15EDACC981B2EC4B820 /* Pods-実習.debug.xcconfig */,
				3E01A23AA3027F03423DCAD7 /* Pods-実習.release.xcconfig */,
			);
			name = Pods;
			sourceTree = "<group>";
		};
		8D46F3D331232E5DFD78B999 /* Frameworks */ = {
			isa = PBXGroup;
			children = (
				BEDFBE151CF29F1E0060B3FA /* CoreLocation.framework */,
				BE7F37811D2978600052AB93 /* MapKit.framework */,
				0F7AF6C229AAEBCCDA41BC2C /* Pods___.framework */,
			);
			name = Frameworks;
			path = ..;
			sourceTree = "<group>";
		};
		AE50B76A1D1E71E800CD1EA3 /* バス時刻アプリ */ = {
			isa = PBXGroup;
			children = (
				AE24CDD61D1799BE00D706FC /* Bustime.storyboard */,
				AE4704C31D2642AB00555D99 /* PopUpPickerView.swift */,
				AE50B76C1D1E72C500CD1EA3 /* BustimeTableView.swift */,
				AEDF05911D2792F300C00022 /* DetailSettingViewController.swift */,
				AE24CDDA1D179A9300D706FC /* Bustime.swift */,
				CAB7EDD31D20E3AF008EA339 /* bustime.plist */,
			);
			name = "バス時刻アプリ";
			sourceTree = "<group>";
		};
		AE50B76B1D1E723200CD1EA3 /* 時間割 */ = {
			isa = PBXGroup;
			children = (
				AE15C4E21CF53DF60086CD3E /* MyLabel.swift */,
				AE1799811CF2E88100D1CE16 /* MyCollectionViewCell.swift */,
				AE8DA6F21CE5A7CB004D2EC8 /* TimeTable.swift */,
				AE5A63A61CE585D7003C5990 /* TimeTable.storyboard */,
				AEC584391D09C54F00881360 /* TimeTableEditController.swift */,
				AE001BB51D0BEF2200F14478 /* ClassObject.swift */,
			);
			name = "時間割";
			sourceTree = "<group>";
		};
		AE5A63881CE58373003C5990 = {
			isa = PBXGroup;
			children = (
				AE5A63931CE58373003C5990 /* 実習 */,
				AE5A63921CE58373003C5990 /* Products */,
				4DE59ADF454028EDC4F2F57D /* Pods */,
				E87A01EF121BF5E47A3B82D2 /* Frameworks */,
			);
			sourceTree = "<group>";
		};
		AE5A63921CE58373003C5990 /* Products */ = {
			isa = PBXGroup;
			children = (
				AE5A63911CE58373003C5990 /* 実習.app */,
			);
			name = Products;
			sourceTree = "<group>";
		};
		AE5A63931CE58373003C5990 /* 実習 */ = {
			isa = PBXGroup;
			children = (
				CA38ABFE1D2E890500962B81 /* Todo+CoreDataProperties.swift */,
				CA38ABFF1D2E890500962B81 /* Todo.swift */,
				8D46F3D331232E5DFD78B999 /* Frameworks */,
				AE5A63941CE58373003C5990 /* AppDelegate.swift */,
				AE5A63961CE58373003C5990 /* Main.swift */,
				AE5A63981CE58373003C5990 /* Main.storyboard */,
				BEDFBD701CF0E6910060B3FA /* TDUMAP */,
				AE50B76B1D1E723200CD1EA3 /* 時間割 */,
				AE50B76A1D1E71E800CD1EA3 /* バス時刻アプリ */,
				AE5A639B1CE58373003C5990 /* Assets.xcassets */,
				AE5A639D1CE58373003C5990 /* LaunchScreen.storyboard */,
				AE5A63A01CE58373003C5990 /* Info.plist */,
				CA95BA321CEB7A5A006E791D /* WebView.swift */,
				CA95BA341CEB7A7B006E791D /* WebView.storyboard */,
				CA10FD751CFBC01E00F6C026 /* Task.storyboard */,
				CA10FD771CFBC02F00F6C026 /* TodoListViewController.swift */,
				CA38ABF51D2E809400962B81 /* TodoApp-Bridging-Header.h */,
				CA38ABF71D2E843000962B81 /* TodoListItemTableViewCell.swift */,
				CA38ABF91D2E877100962B81 /* TodoItemViewController.swift */,
				CA38ABFB1D2E88CB00962B81 /* TodoApp.xcdatamodeld */,
			);
			path = "実習";
			sourceTree = "<group>";
		};
		BEDFBD701CF0E6910060B3FA /* TDUMAP */ = {
			isa = PBXGroup;
			children = (
				BECA65CC1D29E7AC00A2BD4E /* Map.storyboard */,
				BEDFBE191CF2BE170060B3FA /* Map.swift */,
				BE7F377F1D2977DB0052AB93 /* MAP2.swift */,
				BEDFBD851CF0E81B0060B3FA /* TDUMAP00.png */,
				BEDFBD861CF0E81B0060B3FA /* TDUMAP01.png */,
				BEDFBD871CF0E81B0060B3FA /* TDUMAP02.png */,
				BEDFBD881CF0E81B0060B3FA /* TDUMAP03.png */,
				BEDFBD891CF0E81B0060B3FA /* TDUMAP06.png */,
				BEDFBD8A1CF0E81B0060B3FA /* TDUMAP08.png */,
				BEDFBD8B1CF0E81B0060B3FA /* TDUMAP09.png */,
				BEDFBD8C1CF0E81B0060B3FA /* TDUMAP10.png */,
				BEDFBD8D1CF0E81B0060B3FA /* TDUMAP11.png */,
				BEDFBD8E1CF0E81B0060B3FA /* TDUMAP12.png */,
			);
			name = TDUMAP;
			sourceTree = "<group>";
		};
		E87A01EF121BF5E47A3B82D2 /* Frameworks */ = {
			isa = PBXGroup;
			children = (
				9954860F7C6A5450A3C71D0B /* Pods___.framework */,
			);
			name = Frameworks;
			sourceTree = "<group>";
		};
/* End PBXGroup section */

/* Begin PBXNativeTarget section */
		AE5A63901CE58373003C5990 /* 実習 */ = {
			isa = PBXNativeTarget;
			buildConfigurationList = AE5A63A31CE58373003C5990 /* Build configuration list for PBXNativeTarget "実習" */;
			buildPhases = (
				03927744A70C4286C4CA046D /* [CP] Check Pods Manifest.lock */,
				AE5A638D1CE58373003C5990 /* Sources */,
				AE5A638E1CE58373003C5990 /* Frameworks */,
				AE5A638F1CE58373003C5990 /* Resources */,
				A4F6898F835F10B121D6E361 /* [CP] Embed Pods Frameworks */,
				BD03739D69A26F0976C6E229 /* [CP] Copy Pods Resources */,
				CA38ABF61D2E80D800962B81 /* ShellScript */,
			);
			buildRules = (
			);
			dependencies = (
			);
			name = "実習";
			productName = "実習";
			productReference = AE5A63911CE58373003C5990 /* 実習.app */;
			productType = "com.apple.product-type.application";
		};
/* End PBXNativeTarget section */

/* Begin PBXProject section */
		AE5A63891CE58373003C5990 /* Project object */ = {
			isa = PBXProject;
			attributes = {
				LastSwiftUpdateCheck = 0730;
				LastUpgradeCheck = 0730;
				ORGANIZATIONNAME = mycompany;
				TargetAttributes = {
					AE5A63901CE58373003C5990 = {
						CreatedOnToolsVersion = 7.3.1;
						DevelopmentTeam = G7RA26TA6F;
						SystemCapabilities = {
							com.apple.BackgroundModes = {
								enabled = 1;
							};
						};
					};
				};
			};
			buildConfigurationList = AE5A638C1CE58373003C5990 /* Build configuration list for PBXProject "実習" */;
			compatibilityVersion = "Xcode 3.2";
			developmentRegion = English;
			hasScannedForEncodings = 0;
			knownRegions = (
				en,
				Base,
			);
			mainGroup = AE5A63881CE58373003C5990;
			productRefGroup = AE5A63921CE58373003C5990 /* Products */;
			projectDirPath = "";
			projectRoot = "";
			targets = (
				AE5A63901CE58373003C5990 /* 実習 */,
			);
		};
/* End PBXProject section */

/* Begin PBXResourcesBuildPhase section */
		AE5A638F1CE58373003C5990 /* Resources */ = {
			isa = PBXResourcesBuildPhase;
			buildActionMask = 2147483647;
			files = (
				AE5A639F1CE58373003C5990 /* LaunchScreen.storyboard in Resources */,
				BEDFBD961CF0E81B0060B3FA /* TDUMAP10.png in Resources */,
				AE5A63A71CE585D7003C5990 /* TimeTable.storyboard in Resources */,
				BEDFBD8F1CF0E81B0060B3FA /* TDUMAP00.png in Resources */,
				BEDFBD931CF0E81B0060B3FA /* TDUMAP06.png in Resources */,
				AE24CDD71D1799BE00D706FC /* Bustime.storyboard in Resources */,
				BECA65CD1D29E7AC00A2BD4E /* Map.storyboard in Resources */,
				BEDFBD901CF0E81B0060B3FA /* TDUMAP01.png in Resources */,
				CA95BA351CEB7A7B006E791D /* WebView.storyboard in Resources */,
				BEDFBD981CF0E81B0060B3FA /* TDUMAP12.png in Resources */,
				BEDFBD911CF0E81B0060B3FA /* TDUMAP02.png in Resources */,
				BEDFBD921CF0E81B0060B3FA /* TDUMAP03.png in Resources */,
				CAB7EDD41D20E3AF008EA339 /* bustime.plist in Resources */,
				BEDFBD951CF0E81B0060B3FA /* TDUMAP09.png in Resources */,
				CA10FD761CFBC01E00F6C026 /* Task.storyboard in Resources */,
				AE5A639C1CE58373003C5990 /* Assets.xcassets in Resources */,
				BEDFBD971CF0E81B0060B3FA /* TDUMAP11.png in Resources */,
				AE5A639A1CE58373003C5990 /* Main.storyboard in Resources */,
				BEDFBD941CF0E81B0060B3FA /* TDUMAP08.png in Resources */,
			);
			runOnlyForDeploymentPostprocessing = 0;
		};
/* End PBXResourcesBuildPhase section */

/* Begin PBXShellScriptBuildPhase section */
		03927744A70C4286C4CA046D /* [CP] Check Pods Manifest.lock */ = {
			isa = PBXShellScriptBuildPhase;
			buildActionMask = 2147483647;
			files = (
			);
			inputPaths = (
			);
			name = "[CP] Check Pods Manifest.lock";
			outputPaths = (
			);
			runOnlyForDeploymentPostprocessing = 0;
			shellPath = /bin/sh;
			shellScript = "diff \"${PODS_ROOT}/../Podfile.lock\" \"${PODS_ROOT}/Manifest.lock\" > /dev/null\nif [[ $? != 0 ]] ; then\n    cat << EOM\nerror: The sandbox is not in sync with the Podfile.lock. Run 'pod install' or update your CocoaPods installation.\nEOM\n    exit 1\nfi\n";
			showEnvVarsInLog = 0;
		};
		A4F6898F835F10B121D6E361 /* [CP] Embed Pods Frameworks */ = {
			isa = PBXShellScriptBuildPhase;
			buildActionMask = 2147483647;
			files = (
			);
			inputPaths = (
			);
			name = "[CP] Embed Pods Frameworks";
			outputPaths = (
			);
			runOnlyForDeploymentPostprocessing = 0;
			shellPath = /bin/sh;
			shellScript = "\"${SRCROOT}/Pods/Target Support Files/Pods-実習/Pods-実習-frameworks.sh\"\n";
			showEnvVarsInLog = 0;
		};
		BD03739D69A26F0976C6E229 /* [CP] Copy Pods Resources */ = {
			isa = PBXShellScriptBuildPhase;
			buildActionMask = 2147483647;
			files = (
			);
			inputPaths = (
			);
			name = "[CP] Copy Pods Resources";
			outputPaths = (
			);
			runOnlyForDeploymentPostprocessing = 0;
			shellPath = /bin/sh;
			shellScript = "\"${SRCROOT}/Pods/Target Support Files/Pods-実習/Pods-実習-resources.sh\"\n";
			showEnvVarsInLog = 0;
		};
		CA38ABF61D2E80D800962B81 /* ShellScript */ = {
			isa = PBXShellScriptBuildPhase;
			buildActionMask = 2147483647;
			files = (
			);
			inputPaths = (
			);
			outputPaths = (
			);
			runOnlyForDeploymentPostprocessing = 0;
			shellPath = /bin/sh;
			shellScript = "env > ./env.txt";
		};
/* End PBXShellScriptBuildPhase section */

/* Begin PBXSourcesBuildPhase section */
		AE5A638D1CE58373003C5990 /* Sources */ = {
			isa = PBXSourcesBuildPhase;
			buildActionMask = 2147483647;
			files = (
				BE7F37801D2977DB0052AB93 /* MAP2.swift in Sources */,
				AE5A63971CE58373003C5990 /* Main.swift in Sources */,
				AE001BB61D0BEF2200F14478 /* ClassObject.swift in Sources */,
				AE1799821CF2E88100D1CE16 /* MyCollectionViewCell.swift in Sources */,
				AE8DA6F31CE5A7CB004D2EC8 /* TimeTable.swift in Sources */,
				CA95BA331CEB7A5A006E791D /* WebView.swift in Sources */,
				AE50B76D1D1E72C500CD1EA3 /* BustimeTableView.swift in Sources */,
				CA38ABFD1D2E88CB00962B81 /* TodoApp.xcdatamodeld in Sources */,
				CA38AC001D2E890500962B81 /* Todo+CoreDataProperties.swift in Sources */,
				AE5A63951CE58373003C5990 /* AppDelegate.swift in Sources */,
				CA10FD781CFBC02F00F6C026 /* TodoListViewController.swift in Sources */,
				BEDFBE1A1CF2BE170060B3FA /* Map.swift in Sources */,
				AEDF05921D2792F300C00022 /* DetailSettingViewController.swift in Sources */,
				AE15C4E31CF53DF60086CD3E /* MyLabel.swift in Sources */,
				AE4704C41D2642AB00555D99 /* PopUpPickerView.swift in Sources */,
				CA38ABFA1D2E877100962B81 /* TodoItemViewController.swift in Sources */,
				AEC5843A1D09C54F00881360 /* TimeTableEditController.swift in Sources */,
				CA38ABF81D2E843000962B81 /* TodoListItemTableViewCell.swift in Sources */,
				AE24CDDB1D179A9300D706FC /* Bustime.swift in Sources */,
				CA38AC011D2E890500962B81 /* Todo.swift in Sources */,
			);
			runOnlyForDeploymentPostprocessing = 0;
		};
/* End PBXSourcesBuildPhase section */

/* Begin PBXVariantGroup section */
		AE5A63981CE58373003C5990 /* Main.storyboard */ = {
			isa = PBXVariantGroup;
			children = (
				AE5A63991CE58373003C5990 /* Base */,
			);
			name = Main.storyboard;
			sourceTree = "<group>";
		};
		AE5A639D1CE58373003C5990 /* LaunchScreen.storyboard */ = {
			isa = PBXVariantGroup;
			children = (
				AE5A639E1CE58373003C5990 /* Base */,
			);
			name = LaunchScreen.storyboard;
			sourceTree = "<group>";
		};
/* End PBXVariantGroup section */

/* Begin XCBuildConfiguration section */
		AE5A63A11CE58373003C5990 /* Debug */ = {
			isa = XCBuildConfiguration;
			buildSettings = {
				ALWAYS_SEARCH_USER_PATHS = NO;
				CLANG_ANALYZER_NONNULL = YES;
				CLANG_CXX_LANGUAGE_STANDARD = "gnu++0x";
				CLANG_CXX_LIBRARY = "libc++";
				CLANG_ENABLE_MODULES = YES;
				CLANG_ENABLE_OBJC_ARC = YES;
				CLANG_WARN_BOOL_CONVERSION = YES;
				CLANG_WARN_CONSTANT_CONVERSION = YES;
				CLANG_WARN_DIRECT_OBJC_ISA_USAGE = YES_ERROR;
				CLANG_WARN_EMPTY_BODY = YES;
				CLANG_WARN_ENUM_CONVERSION = YES;
				CLANG_WARN_INT_CONVERSION = YES;
				CLANG_WARN_OBJC_ROOT_CLASS = YES_ERROR;
				CLANG_WARN_UNREACHABLE_CODE = YES;
				CLANG_WARN__DUPLICATE_METHOD_MATCH = YES;
				"CODE_SIGN_IDENTITY[sdk=iphoneos*]" = "iPhone Developer";
				COPY_PHASE_STRIP = NO;
				DEBUG_INFORMATION_FORMAT = dwarf;
				ENABLE_STRICT_OBJC_MSGSEND = YES;
				ENABLE_TESTABILITY = YES;
				GCC_C_LANGUAGE_STANDARD = gnu99;
				GCC_DYNAMIC_NO_PIC = NO;
				GCC_NO_COMMON_BLOCKS = YES;
				GCC_OPTIMIZATION_LEVEL = 0;
				GCC_PREPROCESSOR_DEFINITIONS = (
					"DEBUG=1",
					"$(inherited)",
				);
				GCC_WARN_64_TO_32_BIT_CONVERSION = YES;
				GCC_WARN_ABOUT_RETURN_TYPE = YES_ERROR;
				GCC_WARN_UNDECLARED_SELECTOR = YES;
				GCC_WARN_UNINITIALIZED_AUTOS = YES_AGGRESSIVE;
				GCC_WARN_UNUSED_FUNCTION = YES;
				GCC_WARN_UNUSED_VARIABLE = YES;
				IPHONEOS_DEPLOYMENT_TARGET = 9.3;
				MTL_ENABLE_DEBUG_INFO = YES;
				ONLY_ACTIVE_ARCH = YES;
				SDKROOT = iphoneos;
				SWIFT_OPTIMIZATION_LEVEL = "-Onone";
			};
			name = Debug;
		};
		AE5A63A21CE58373003C5990 /* Release */ = {
			isa = XCBuildConfiguration;
			buildSettings = {
				ALWAYS_SEARCH_USER_PATHS = NO;
				CLANG_ANALYZER_NONNULL = YES;
				CLANG_CXX_LANGUAGE_STANDARD = "gnu++0x";
				CLANG_CXX_LIBRARY = "libc++";
				CLANG_ENABLE_MODULES = YES;
				CLANG_ENABLE_OBJC_ARC = YES;
				CLANG_WARN_BOOL_CONVERSION = YES;
				CLANG_WARN_CONSTANT_CONVERSION = YES;
				CLANG_WARN_DIRECT_OBJC_ISA_USAGE = YES_ERROR;
				CLANG_WARN_EMPTY_BODY = YES;
				CLANG_WARN_ENUM_CONVERSION = YES;
				CLANG_WARN_INT_CONVERSION = YES;
				CLANG_WARN_OBJC_ROOT_CLASS = YES_ERROR;
				CLANG_WARN_UNREACHABLE_CODE = YES;
				CLANG_WARN__DUPLICATE_METHOD_MATCH = YES;
				"CODE_SIGN_IDENTITY[sdk=iphoneos*]" = "iPhone Developer";
				COPY_PHASE_STRIP = NO;
				DEBUG_INFORMATION_FORMAT = "dwarf-with-dsym";
				ENABLE_NS_ASSERTIONS = NO;
				ENABLE_STRICT_OBJC_MSGSEND = YES;
				GCC_C_LANGUAGE_STANDARD = gnu99;
				GCC_NO_COMMON_BLOCKS = YES;
				GCC_WARN_64_TO_32_BIT_CONVERSION = YES;
				GCC_WARN_ABOUT_RETURN_TYPE = YES_ERROR;
				GCC_WARN_UNDECLARED_SELECTOR = YES;
				GCC_WARN_UNINITIALIZED_AUTOS = YES_AGGRESSIVE;
				GCC_WARN_UNUSED_FUNCTION = YES;
				GCC_WARN_UNUSED_VARIABLE = YES;
				IPHONEOS_DEPLOYMENT_TARGET = 9.3;
				MTL_ENABLE_DEBUG_INFO = NO;
				SDKROOT = iphoneos;
				VALIDATE_PRODUCT = YES;
			};
			name = Release;
		};
		AE5A63A41CE58373003C5990 /* Debug */ = {
			isa = XCBuildConfiguration;
			baseConfigurationReference = 5D70C15EDACC981B2EC4B820 /* Pods-実習.debug.xcconfig */;
			buildSettings = {
				ASSETCATALOG_COMPILER_APPICON_NAME = AppIcon;
				CODE_SIGN_IDENTITY = "iPhone Developer";
				"CODE_SIGN_IDENTITY[sdk=iphoneos*]" = "iPhone Developer";
				INFOPLIST_FILE = "実習/Info.plist";
				LD_RUNPATH_SEARCH_PATHS = "$(inherited) @executable_path/Frameworks";
				PRODUCT_BUNDLE_IDENTIFIER = a.company;
				PRODUCT_NAME = "$(TARGET_NAME)";
				PROVISIONING_PROFILE = "";
				SWIFT_OBJC_BRIDGING_HEADER = "$(SWIFT_OBJC_BRIDGING_HEADER)";
			};
			name = Debug;
		};
		AE5A63A51CE58373003C5990 /* Release */ = {
			isa = XCBuildConfiguration;
			baseConfigurationReference = 3E01A23AA3027F03423DCAD7 /* Pods-実習.release.xcconfig */;
			buildSettings = {
				ASSETCATALOG_COMPILER_APPICON_NAME = AppIcon;
				CODE_SIGN_IDENTITY = "iPhone Developer";
				"CODE_SIGN_IDENTITY[sdk=iphoneos*]" = "iPhone Developer";
				INFOPLIST_FILE = "実習/Info.plist";
				LD_RUNPATH_SEARCH_PATHS = "$(inherited) @executable_path/Frameworks";
				PRODUCT_BUNDLE_IDENTIFIER = a.company;
				PRODUCT_NAME = "$(TARGET_NAME)";
				PROVISIONING_PROFILE = "";
				SWIFT_OBJC_BRIDGING_HEADER = "$(SWIFT_OBJC_BRIDGING_HEADER)";
			};
			name = Release;
		};
/* End XCBuildConfiguration section */

/* Begin XCConfigurationList section */
		AE5A638C1CE58373003C5990 /* Build configuration list for PBXProject "実習" */ = {
			isa = XCConfigurationList;
			buildConfigurations = (
				AE5A63A11CE58373003C5990 /* Debug */,
				AE5A63A21CE58373003C5990 /* Release */,
			);
			defaultConfigurationIsVisible = 0;
			defaultConfigurationName = Release;
		};
		AE5A63A31CE58373003C5990 /* Build configuration list for PBXNativeTarget "実習" */ = {
			isa = XCConfigurationList;
			buildConfigurations = (
				AE5A63A41CE58373003C5990 /* Debug */,
				AE5A63A51CE58373003C5990 /* Release */,
			);
			defaultConfigurationIsVisible = 0;
			defaultConfigurationName = Release;
		};
/* End XCConfigurationList section */

/* Begin XCVersionGroup section */
		CA38ABFB1D2E88CB00962B81 /* TodoApp.xcdatamodeld */ = {
			isa = XCVersionGroup;
			children = (
				CA38ABFC1D2E88CB00962B81 /* TodoApp.xcdatamodel */,
			);
			currentVersion = CA38ABFC1D2E88CB00962B81 /* TodoApp.xcdatamodel */;
			path = TodoApp.xcdatamodeld;
			sourceTree = "<group>";
			versionGroupType = wrapper.xcdatamodel;
		};
/* End XCVersionGroup section */
	};
	rootObject = AE5A63891CE58373003C5990 /* Project object */;
}
